# THIS IS AN AUTOGENERATED FILE. DO NOT EDIT THIS FILE DIRECTLY.
# yarn lockfile v1


"@aws-cdk/assets-docker@^0.28.0":
  version "0.28.0"
  resolved "https://registry.yarnpkg.com/@aws-cdk/assets-docker/-/assets-docker-0.28.0.tgz#bac38d10d1df151629382cacb1cca3635f70d65f"
  dependencies:
    "@aws-cdk/aws-cloudformation" "^0.28.0"
    "@aws-cdk/aws-ecr" "^0.28.0"
    "@aws-cdk/aws-iam" "^0.28.0"
    "@aws-cdk/aws-lambda" "^0.28.0"
    "@aws-cdk/aws-s3" "^0.28.0"
    "@aws-cdk/cdk" "^0.28.0"
    "@aws-cdk/cx-api" "^0.28.0"

"@aws-cdk/assets@^0.28.0":
  version "0.28.0"
  resolved "https://registry.yarnpkg.com/@aws-cdk/assets/-/assets-0.28.0.tgz#9315a6ecba40bb105cddcd00b56011987c9b1c9c"
  dependencies:
    "@aws-cdk/aws-iam" "^0.28.0"
    "@aws-cdk/aws-s3" "^0.28.0"
    "@aws-cdk/cdk" "^0.28.0"
    "@aws-cdk/cx-api" "^0.28.0"

"@aws-cdk/aws-applicationautoscaling@^0.28.0":
  version "0.28.0"
  resolved "https://registry.yarnpkg.com/@aws-cdk/aws-applicationautoscaling/-/aws-applicationautoscaling-0.28.0.tgz#09182babd42f4f63340e4ed811e4570f61e6f580"
  dependencies:
    "@aws-cdk/aws-autoscaling-common" "^0.28.0"
    "@aws-cdk/aws-cloudwatch" "^0.28.0"
    "@aws-cdk/aws-iam" "^0.28.0"
    "@aws-cdk/cdk" "^0.28.0"

"@aws-cdk/aws-autoscaling-api@^0.28.0":
  version "0.28.0"
  resolved "https://registry.yarnpkg.com/@aws-cdk/aws-autoscaling-api/-/aws-autoscaling-api-0.28.0.tgz#c5f254c993c5749b0e06ed0d43f933672a54f853"
  dependencies:
    "@aws-cdk/aws-iam" "^0.28.0"
    "@aws-cdk/cdk" "^0.28.0"

"@aws-cdk/aws-autoscaling-common@^0.28.0":
  version "0.28.0"
  resolved "https://registry.yarnpkg.com/@aws-cdk/aws-autoscaling-common/-/aws-autoscaling-common-0.28.0.tgz#a2e0a37024a949049e692aae8815191a8f6c9b6a"
  dependencies:
    "@aws-cdk/aws-iam" "^0.28.0"
    "@aws-cdk/cdk" "^0.28.0"

"@aws-cdk/aws-autoscaling@^0.28.0":
  version "0.28.0"
  resolved "https://registry.yarnpkg.com/@aws-cdk/aws-autoscaling/-/aws-autoscaling-0.28.0.tgz#fdbf81e41a0cc817a2ae88d37bdae4b1458d0e3a"
  dependencies:
    "@aws-cdk/aws-autoscaling-api" "^0.28.0"
    "@aws-cdk/aws-autoscaling-common" "^0.28.0"
    "@aws-cdk/aws-cloudwatch" "^0.28.0"
    "@aws-cdk/aws-ec2" "^0.28.0"
    "@aws-cdk/aws-elasticloadbalancing" "^0.28.0"
    "@aws-cdk/aws-elasticloadbalancingv2" "^0.28.0"
    "@aws-cdk/aws-iam" "^0.28.0"
    "@aws-cdk/aws-sns" "^0.28.0"
    "@aws-cdk/cdk" "^0.28.0"

"@aws-cdk/aws-certificatemanager@^0.28.0":
  version "0.28.0"
  resolved "https://registry.yarnpkg.com/@aws-cdk/aws-certificatemanager/-/aws-certificatemanager-0.28.0.tgz#ecccbb6c589bbd7961bec6b1a2b859f63c1bbcd5"
  dependencies:
    "@aws-cdk/aws-cloudformation" "^0.28.0"
    "@aws-cdk/aws-iam" "^0.28.0"
    "@aws-cdk/aws-lambda" "^0.28.0"
    "@aws-cdk/aws-route53" "^0.28.0"
    "@aws-cdk/cdk" "^0.28.0"

"@aws-cdk/aws-cloudformation@^0.28.0":
  version "0.28.0"
  resolved "https://registry.yarnpkg.com/@aws-cdk/aws-cloudformation/-/aws-cloudformation-0.28.0.tgz#c9f199ad6ddb3fd9b23772109118aba999b92b55"
  dependencies:
    "@aws-cdk/aws-iam" "^0.28.0"
    "@aws-cdk/aws-lambda" "^0.28.0"
    "@aws-cdk/aws-sns" "^0.28.0"
    "@aws-cdk/cdk" "^0.28.0"

"@aws-cdk/aws-cloudwatch@^0.28.0":
  version "0.28.0"
  resolved "https://registry.yarnpkg.com/@aws-cdk/aws-cloudwatch/-/aws-cloudwatch-0.28.0.tgz#1ebb94183059785838c382f11e8e37671aa7b385"
  dependencies:
    "@aws-cdk/aws-iam" "^0.28.0"
    "@aws-cdk/cdk" "^0.28.0"

"@aws-cdk/aws-codedeploy-api@^0.28.0":
  version "0.28.0"
  resolved "https://registry.yarnpkg.com/@aws-cdk/aws-codedeploy-api/-/aws-codedeploy-api-0.28.0.tgz#7a07067aca24325b4e922d2dd7361c9e7a28105b"
  dependencies:
    "@aws-cdk/cdk" "^0.28.0"

"@aws-cdk/aws-ec2@^0.28.0":
  version "0.28.0"
  resolved "https://registry.yarnpkg.com/@aws-cdk/aws-ec2/-/aws-ec2-0.28.0.tgz#e827c21f4e5765194546d1a79fe452cd97ad5f46"
  dependencies:
    "@aws-cdk/aws-cloudwatch" "^0.28.0"
    "@aws-cdk/aws-iam" "^0.28.0"
    "@aws-cdk/cdk" "^0.28.0"
    "@aws-cdk/cx-api" "^0.28.0"

"@aws-cdk/aws-ecr@^0.28.0":
  version "0.28.0"
  resolved "https://registry.yarnpkg.com/@aws-cdk/aws-ecr/-/aws-ecr-0.28.0.tgz#b6a86c6dc4ba7c58f29a4ca85486aeae59d3c005"
  dependencies:
    "@aws-cdk/aws-events" "^0.28.0"
    "@aws-cdk/aws-iam" "^0.28.0"
    "@aws-cdk/cdk" "^0.28.0"

"@aws-cdk/aws-ecs@^0.28.0":
  version "0.28.0"
  resolved "https://registry.yarnpkg.com/@aws-cdk/aws-ecs/-/aws-ecs-0.28.0.tgz#669ae148b4057b621b4e1b2c21a8153023188e34"
  dependencies:
    "@aws-cdk/assets-docker" "^0.28.0"
    "@aws-cdk/aws-applicationautoscaling" "^0.28.0"
    "@aws-cdk/aws-autoscaling" "^0.28.0"
    "@aws-cdk/aws-certificatemanager" "^0.28.0"
    "@aws-cdk/aws-cloudformation" "^0.28.0"
    "@aws-cdk/aws-cloudwatch" "^0.28.0"
    "@aws-cdk/aws-ec2" "^0.28.0"
    "@aws-cdk/aws-ecr" "^0.28.0"
    "@aws-cdk/aws-elasticloadbalancing" "^0.28.0"
    "@aws-cdk/aws-elasticloadbalancingv2" "^0.28.0"
    "@aws-cdk/aws-events" "^0.28.0"
    "@aws-cdk/aws-iam" "^0.28.0"
    "@aws-cdk/aws-lambda" "^0.28.0"
    "@aws-cdk/aws-logs" "^0.28.0"
    "@aws-cdk/aws-route53" "^0.28.0"
    "@aws-cdk/aws-secretsmanager" "^0.28.0"
    "@aws-cdk/aws-servicediscovery" "^0.28.0"
    "@aws-cdk/aws-sns" "^0.28.0"
    "@aws-cdk/cdk" "^0.28.0"
    "@aws-cdk/cx-api" "^0.28.0"

"@aws-cdk/aws-elasticloadbalancing@^0.28.0":
  version "0.28.0"
  resolved "https://registry.yarnpkg.com/@aws-cdk/aws-elasticloadbalancing/-/aws-elasticloadbalancing-0.28.0.tgz#e8a886556b1b2787a73347146d318b686fe64b8f"
  dependencies:
    "@aws-cdk/aws-codedeploy-api" "^0.28.0"
    "@aws-cdk/aws-ec2" "^0.28.0"
    "@aws-cdk/cdk" "^0.28.0"

"@aws-cdk/aws-elasticloadbalancingv2@^0.28.0":
  version "0.28.0"
  resolved "https://registry.yarnpkg.com/@aws-cdk/aws-elasticloadbalancingv2/-/aws-elasticloadbalancingv2-0.28.0.tgz#49711c9b51192dddc4ebc456007cf986f3ddc194"
  dependencies:
    "@aws-cdk/aws-cloudwatch" "^0.28.0"
    "@aws-cdk/aws-codedeploy-api" "^0.28.0"
    "@aws-cdk/aws-ec2" "^0.28.0"
    "@aws-cdk/aws-iam" "^0.28.0"
    "@aws-cdk/aws-route53" "^0.28.0"
    "@aws-cdk/aws-s3" "^0.28.0"
    "@aws-cdk/cdk" "^0.28.0"

"@aws-cdk/aws-events@^0.28.0":
  version "0.28.0"
  resolved "https://registry.yarnpkg.com/@aws-cdk/aws-events/-/aws-events-0.28.0.tgz#d5b81ebc5240b37065d7259cc0fa935a489828c1"
  dependencies:
    "@aws-cdk/aws-iam" "^0.28.0"
    "@aws-cdk/cdk" "^0.28.0"

"@aws-cdk/aws-iam@^0.28.0":
  version "0.28.0"
  resolved "https://registry.yarnpkg.com/@aws-cdk/aws-iam/-/aws-iam-0.28.0.tgz#83667eca7a2c8a34c08a6ce43263e8c4b7117754"
  dependencies:
    "@aws-cdk/cdk" "^0.28.0"
    "@aws-cdk/region-info" "^0.28.0"

"@aws-cdk/aws-kms@^0.28.0":
  version "0.28.0"
  resolved "https://registry.yarnpkg.com/@aws-cdk/aws-kms/-/aws-kms-0.28.0.tgz#ec2498a50977cf8587b50446a6a4a538eeae7b63"
  dependencies:
    "@aws-cdk/aws-iam" "^0.28.0"
    "@aws-cdk/cdk" "^0.28.0"

"@aws-cdk/aws-lambda@^0.28.0":
  version "0.28.0"
  resolved "https://registry.yarnpkg.com/@aws-cdk/aws-lambda/-/aws-lambda-0.28.0.tgz#7f0a00e9aebcb2e5dbfdd28eb30d7285045ba74f"
  dependencies:
    "@aws-cdk/assets" "^0.28.0"
    "@aws-cdk/aws-cloudwatch" "^0.28.0"
    "@aws-cdk/aws-ec2" "^0.28.0"
    "@aws-cdk/aws-events" "^0.28.0"
    "@aws-cdk/aws-iam" "^0.28.0"
    "@aws-cdk/aws-logs" "^0.28.0"
    "@aws-cdk/aws-s3" "^0.28.0"
    "@aws-cdk/aws-s3-notifications" "^0.28.0"
    "@aws-cdk/aws-sqs" "^0.28.0"
    "@aws-cdk/aws-stepfunctions" "^0.28.0"
    "@aws-cdk/cdk" "^0.28.0"
    "@aws-cdk/cx-api" "^0.28.0"

"@aws-cdk/aws-logs@^0.28.0":
  version "0.28.0"
  resolved "https://registry.yarnpkg.com/@aws-cdk/aws-logs/-/aws-logs-0.28.0.tgz#49657725898191cff6412316719f4e0ebc3cd119"
  dependencies:
    "@aws-cdk/aws-cloudwatch" "^0.28.0"
    "@aws-cdk/aws-iam" "^0.28.0"
    "@aws-cdk/cdk" "^0.28.0"

"@aws-cdk/aws-route53@^0.28.0":
  version "0.28.0"
  resolved "https://registry.yarnpkg.com/@aws-cdk/aws-route53/-/aws-route53-0.28.0.tgz#2cd51ef1088e132ca903b5e2fb0fe905df713e93"
  dependencies:
    "@aws-cdk/aws-ec2" "^0.28.0"
    "@aws-cdk/aws-logs" "^0.28.0"
    "@aws-cdk/cdk" "^0.28.0"
    "@aws-cdk/cx-api" "^0.28.0"

"@aws-cdk/aws-s3-notifications@^0.28.0":
  version "0.28.0"
  resolved "https://registry.yarnpkg.com/@aws-cdk/aws-s3-notifications/-/aws-s3-notifications-0.28.0.tgz#efb2c664463d53fb8886267692972b16a9e152cb"
  dependencies:
    "@aws-cdk/cdk" "^0.28.0"

"@aws-cdk/aws-s3@^0.28.0":
  version "0.28.0"
  resolved "https://registry.yarnpkg.com/@aws-cdk/aws-s3/-/aws-s3-0.28.0.tgz#0c9072e149c839c762ebd4388634d42292b4c604"
  dependencies:
    "@aws-cdk/aws-events" "^0.28.0"
    "@aws-cdk/aws-iam" "^0.28.0"
    "@aws-cdk/aws-kms" "^0.28.0"
    "@aws-cdk/aws-s3-notifications" "^0.28.0"
    "@aws-cdk/cdk" "^0.28.0"

"@aws-cdk/aws-secretsmanager@^0.28.0":
  version "0.28.0"
  resolved "https://registry.yarnpkg.com/@aws-cdk/aws-secretsmanager/-/aws-secretsmanager-0.28.0.tgz#d55fc4a9acbbbc5843514f73044c565cda995d16"
  dependencies:
    "@aws-cdk/aws-ec2" "^0.28.0"
    "@aws-cdk/aws-iam" "^0.28.0"
    "@aws-cdk/aws-kms" "^0.28.0"
    "@aws-cdk/aws-lambda" "^0.28.0"
    "@aws-cdk/cdk" "^0.28.0"

"@aws-cdk/aws-servicediscovery@^0.28.0":
  version "0.28.0"
  resolved "https://registry.yarnpkg.com/@aws-cdk/aws-servicediscovery/-/aws-servicediscovery-0.28.0.tgz#47f908fe01e4d0a9fbc5a4c5dbd20a40d270bee5"
  dependencies:
    "@aws-cdk/aws-ec2" "^0.28.0"
    "@aws-cdk/aws-elasticloadbalancingv2" "^0.28.0"
    "@aws-cdk/aws-route53" "^0.28.0"
    "@aws-cdk/cdk" "^0.28.0"

"@aws-cdk/aws-sns@^0.28.0":
  version "0.28.0"
  resolved "https://registry.yarnpkg.com/@aws-cdk/aws-sns/-/aws-sns-0.28.0.tgz#46487250614d0f63745e158f97c000d87627f204"
  dependencies:
    "@aws-cdk/aws-autoscaling-api" "^0.28.0"
    "@aws-cdk/aws-cloudwatch" "^0.28.0"
    "@aws-cdk/aws-events" "^0.28.0"
    "@aws-cdk/aws-iam" "^0.28.0"
    "@aws-cdk/aws-lambda" "^0.28.0"
    "@aws-cdk/aws-s3-notifications" "^0.28.0"
    "@aws-cdk/aws-sqs" "^0.28.0"
    "@aws-cdk/cdk" "^0.28.0"

"@aws-cdk/aws-sqs@^0.28.0":
  version "0.28.0"
  resolved "https://registry.yarnpkg.com/@aws-cdk/aws-sqs/-/aws-sqs-0.28.0.tgz#81aaf212d38114a3b7668eee45e81c8d79a28616"
  dependencies:
    "@aws-cdk/aws-autoscaling-api" "^0.28.0"
    "@aws-cdk/aws-cloudwatch" "^0.28.0"
    "@aws-cdk/aws-iam" "^0.28.0"
    "@aws-cdk/aws-kms" "^0.28.0"
    "@aws-cdk/aws-s3-notifications" "^0.28.0"
    "@aws-cdk/cdk" "^0.28.0"

"@aws-cdk/aws-stepfunctions@^0.28.0":
  version "0.28.0"
  resolved "https://registry.yarnpkg.com/@aws-cdk/aws-stepfunctions/-/aws-stepfunctions-0.28.0.tgz#9bd63246a15fa32c512f27b0ab055e9d6ff3d6bd"
  dependencies:
    "@aws-cdk/aws-cloudwatch" "^0.28.0"
    "@aws-cdk/aws-events" "^0.28.0"
    "@aws-cdk/aws-iam" "^0.28.0"
    "@aws-cdk/cdk" "^0.28.0"

"@aws-cdk/cdk@^0.28.0":
  version "0.28.0"
  resolved "https://registry.yarnpkg.com/@aws-cdk/cdk/-/cdk-0.28.0.tgz#56d72375be5890ae8f5ecb615f544a29d36e8cce"
  dependencies:
    "@aws-cdk/cx-api" "^0.28.0"

"@aws-cdk/cx-api@^0.28.0":
  version "0.28.0"
  resolved "https://registry.yarnpkg.com/@aws-cdk/cx-api/-/cx-api-0.28.0.tgz#7786b2d0f6a93607d351e8ec6543e1a42adeb8ab"

"@aws-cdk/region-info@^0.28.0":
  version "0.28.0"
  resolved "https://registry.yarnpkg.com/@aws-cdk/region-info/-/region-info-0.28.0.tgz#60916d1feddd50a61c02d0ed60c6ea5858f60d2d"
